
Microsoft Visual Studio Solution File, Format Version 12.00
# Visual Studio Version 16
VisualStudioVersion = 16.0.31105.61
MinimumVisualStudioVersion = 10.0.40219.1
Project("{FAE04EC0-301F-11D3-BF4B-00C04F79EFBC}") = "RaindropApp", "RaindropApp\RaindropApp.csproj", "{1B3C7F03-45FB-44F3-BAA2-6B865C89809B}"
EndProject
Project("{FAE04EC0-301F-11D3-BF4B-00C04F79EFBC}") = "RaindropTests", "RaindropTests\RaindropTests.csproj", "{6C31BEF0-EE2D-452D-8F02-562AF5385BBB}"
EndProject
Global
	GlobalSection(SolutionConfigurationPlatforms) = preSolution
		Debug|Any CPU = Debug|Any CPU
		Release|Any CPU = Release|Any CPU
	EndGlobalSection
	GlobalSection(ProjectConfigurationPlatforms) = postSolution
		{1B3C7F03-45FB-44F3-BAA2-6B865C89809B}.Debug|Any CPU.ActiveCfg = Debug|Any CPU
		{1B3C7F03-45FB-44F3-BAA2-6B865C89809B}.Debug|Any CPU.Build.0 = Debug|Any CPU
		{1B3C7F03-45FB-44F3-BAA2-6B865C89809B}.Release|Any CPU.ActiveCfg = Release|Any CPU
		{1B3C7F03-45FB-44F3-BAA2-6B865C89809B}.Release|Any CPU.Build.0 = Release|Any CPU
		{6C31BEF0-EE2D-452D-8F02-562AF5385BBB}.Debug|Any CPU.ActiveCfg = Debug|Any CPU
		{6C31BEF0-EE2D-452D-8F02-562AF5385BBB}.Debug|Any CPU.Build.0 = Debug|Any CPU
		{6C31BEF0-EE2D-452D-8F02-562AF5385BBB}.Release|Any CPU.ActiveCfg = Release|Any CPU
		{6C31BEF0-EE2D-452D-8F02-562AF5385BBB}.Release|Any CPU.Build.0 = Release|Any CPU
	EndGlobalSection
	GlobalSection(SolutionProperties) = preSolution
		HideSolutionNode = FALSE
	EndGlobalSection
	GlobalSection(ExtensibilityGlobals) = postSolution
		SolutionGuid = {B526E797-6A5C-4D6D-A289-97C9A7250207}
	EndGlobalSection
EndGlobal
